
Microsoft Visual Studio Solution File, Format Version 12.00
# Visual Studio Version 17
VisualStudioVersion = 17.1.32210.238
MinimumVisualStudioVersion = 10.0.40219.1
Project("{FAE04EC0-301F-11D3-BF4B-00C04F79EFBC}") = "thao-tac-voi-file", "thao-tac-voi-file.csproj", "{756CAB21-AF46-4467-9EDB-2B940296B756}"
EndProject
Global
	GlobalSection(SolutionConfigurationPlatforms) = preSolution
		Debug|Any CPU = Debug|Any CPU
		Release|Any CPU = Release|Any CPU
	EndGlobalSection
	GlobalSection(ProjectConfigurationPlatforms) = postSolution
		{756CAB21-AF46-4467-9EDB-2B940296B756}.Debug|Any CPU.ActiveCfg = Debug|Any CPU
		{756CAB21-AF46-4467-9EDB-2B940296B756}.Debug|Any CPU.Build.0 = Debug|Any CPU
		{756CAB21-AF46-4467-9EDB-2B940296B756}.Release|Any CPU.ActiveCfg = Release|Any CPU
		{756CAB21-AF46-4467-9EDB-2B940296B756}.Release|Any CPU.Build.0 = Release|Any CPU
	EndGlobalSection
	GlobalSection(SolutionProperties) = preSolution
		HideSolutionNode = FALSE
	EndGlobalSection
	GlobalSection(ExtensibilityGlobals) = postSolution
		SolutionGuid = {CA90C4C9-2AF3-49B6-A530-0D14FF881458}
	EndGlobalSection
EndGlobal
