
Microsoft Visual Studio Solution File, Format Version 12.00
# Visual Studio Version 17
VisualStudioVersion = 17.2.32630.192
MinimumVisualStudioVersion = 10.0.40219.1
Project("{FAE04EC0-301F-11D3-BF4B-00C04F79EFBC}") = "bai_1.2_CRUD_OBJECT", "..\bai_1.2_CRUD_OBJECT\bai_1.2_CRUD_OBJECT.csproj", "{963D7849-08CA-4F03-A94A-4DD95B95C53C}"
EndProject
Global
	GlobalSection(SolutionConfigurationPlatforms) = preSolution
		Debug|Any CPU = Debug|Any CPU
		Release|Any CPU = Release|Any CPU
	EndGlobalSection
	GlobalSection(ProjectConfigurationPlatforms) = postSolution
		{963D7849-08CA-4F03-A94A-4DD95B95C53C}.Debug|Any CPU.ActiveCfg = Debug|Any CPU
		{963D7849-08CA-4F03-A94A-4DD95B95C53C}.Debug|Any CPU.Build.0 = Debug|Any CPU
		{963D7849-08CA-4F03-A94A-4DD95B95C53C}.Release|Any CPU.ActiveCfg = Release|Any CPU
		{963D7849-08CA-4F03-A94A-4DD95B95C53C}.Release|Any CPU.Build.0 = Release|Any CPU
	EndGlobalSection
	GlobalSection(SolutionProperties) = preSolution
		HideSolutionNode = FALSE
	EndGlobalSection
	GlobalSection(ExtensibilityGlobals) = postSolution
		SolutionGuid = {7D0C7DAD-1735-47DB-9D44-9017A58B848E}
	EndGlobalSection
EndGlobal
