
Microsoft Visual Studio Solution File, Format Version 12.00
# Visual Studio Version 17
VisualStudioVersion = 17.1.32210.238
MinimumVisualStudioVersion = 10.0.40219.1
Project("{FAE04EC0-301F-11D3-BF4B-00C04F79EFBC}") = "c2-test-fixed", "c2-test-fixed.csproj", "{197D738E-6633-452B-A549-01FC9A00DB0C}"
EndProject
Global
	GlobalSection(SolutionConfigurationPlatforms) = preSolution
		Debug|Any CPU = Debug|Any CPU
		Release|Any CPU = Release|Any CPU
	EndGlobalSection
	GlobalSection(ProjectConfigurationPlatforms) = postSolution
		{197D738E-6633-452B-A549-01FC9A00DB0C}.Debug|Any CPU.ActiveCfg = Debug|Any CPU
		{197D738E-6633-452B-A549-01FC9A00DB0C}.Debug|Any CPU.Build.0 = Debug|Any CPU
		{197D738E-6633-452B-A549-01FC9A00DB0C}.Release|Any CPU.ActiveCfg = Release|Any CPU
		{197D738E-6633-452B-A549-01FC9A00DB0C}.Release|Any CPU.Build.0 = Release|Any CPU
	EndGlobalSection
	GlobalSection(SolutionProperties) = preSolution
		HideSolutionNode = FALSE
	EndGlobalSection
	GlobalSection(ExtensibilityGlobals) = postSolution
		SolutionGuid = {E9F368D5-5613-4C85-8F05-E4764E93FF5C}
	EndGlobalSection
EndGlobal
