
Microsoft Visual Studio Solution File, Format Version 12.00
# Visual Studio Version 17
VisualStudioVersion = 17.1.32210.238
MinimumVisualStudioVersion = 10.0.40219.1
Project("{FAE04EC0-301F-11D3-BF4B-00C04F79EFBC}") = "ConsoleApp3", "ConsoleApp3.csproj", "{EF85E833-094E-473E-B402-5C0129A9CCB0}"
EndProject
Global
	GlobalSection(SolutionConfigurationPlatforms) = preSolution
		Debug|Any CPU = Debug|Any CPU
		Release|Any CPU = Release|Any CPU
	EndGlobalSection
	GlobalSection(ProjectConfigurationPlatforms) = postSolution
		{EF85E833-094E-473E-B402-5C0129A9CCB0}.Debug|Any CPU.ActiveCfg = Debug|Any CPU
		{EF85E833-094E-473E-B402-5C0129A9CCB0}.Debug|Any CPU.Build.0 = Debug|Any CPU
		{EF85E833-094E-473E-B402-5C0129A9CCB0}.Release|Any CPU.ActiveCfg = Release|Any CPU
		{EF85E833-094E-473E-B402-5C0129A9CCB0}.Release|Any CPU.Build.0 = Release|Any CPU
	EndGlobalSection
	GlobalSection(SolutionProperties) = preSolution
		HideSolutionNode = FALSE
	EndGlobalSection
	GlobalSection(ExtensibilityGlobals) = postSolution
		SolutionGuid = {7A5730E4-D1A4-460B-90E9-A77D51C22E02}
	EndGlobalSection
EndGlobal
