
Microsoft Visual Studio Solution File, Format Version 12.00
# Visual Studio Version 17
VisualStudioVersion = 17.1.32210.238
MinimumVisualStudioVersion = 10.0.40219.1
Project("{9A19103F-16F7-4668-BE54-9A1E7A4F7556}") = "c2-KienThucCoSo", "c2-KienThucCoSo.csproj", "{8718583E-715F-4A43-A735-908AFC473074}"
EndProject
Global
	GlobalSection(SolutionConfigurationPlatforms) = preSolution
		Debug|Any CPU = Debug|Any CPU
		Release|Any CPU = Release|Any CPU
	EndGlobalSection
	GlobalSection(ProjectConfigurationPlatforms) = postSolution
		{8718583E-715F-4A43-A735-908AFC473074}.Debug|Any CPU.ActiveCfg = Debug|Any CPU
		{8718583E-715F-4A43-A735-908AFC473074}.Debug|Any CPU.Build.0 = Debug|Any CPU
		{8718583E-715F-4A43-A735-908AFC473074}.Release|Any CPU.ActiveCfg = Release|Any CPU
		{8718583E-715F-4A43-A735-908AFC473074}.Release|Any CPU.Build.0 = Release|Any CPU
	EndGlobalSection
	GlobalSection(SolutionProperties) = preSolution
		HideSolutionNode = FALSE
	EndGlobalSection
	GlobalSection(ExtensibilityGlobals) = postSolution
		SolutionGuid = {C2207A53-1959-44BA-A1C4-86F5B66428A8}
	EndGlobalSection
EndGlobal
