
Microsoft Visual Studio Solution File, Format Version 12.00
# Visual Studio Version 17
VisualStudioVersion = 17.1.32210.238
MinimumVisualStudioVersion = 10.0.40219.1
Project("{FAE04EC0-301F-11D3-BF4B-00C04F79EFBC}") = "c2-lab1,2,3", "c2-lab1,2,3.csproj", "{56C0E71C-016C-4D43-A2A0-01A5CB37D361}"
EndProject
Global
	GlobalSection(SolutionConfigurationPlatforms) = preSolution
		Debug|Any CPU = Debug|Any CPU
		Release|Any CPU = Release|Any CPU
	EndGlobalSection
	GlobalSection(ProjectConfigurationPlatforms) = postSolution
		{56C0E71C-016C-4D43-A2A0-01A5CB37D361}.Debug|Any CPU.ActiveCfg = Debug|Any CPU
		{56C0E71C-016C-4D43-A2A0-01A5CB37D361}.Debug|Any CPU.Build.0 = Debug|Any CPU
		{56C0E71C-016C-4D43-A2A0-01A5CB37D361}.Release|Any CPU.ActiveCfg = Release|Any CPU
		{56C0E71C-016C-4D43-A2A0-01A5CB37D361}.Release|Any CPU.Build.0 = Release|Any CPU
	EndGlobalSection
	GlobalSection(SolutionProperties) = preSolution
		HideSolutionNode = FALSE
	EndGlobalSection
	GlobalSection(ExtensibilityGlobals) = postSolution
		SolutionGuid = {6D58D022-F345-4A17-9A59-C3EC22BB1E10}
	EndGlobalSection
EndGlobal
