
Microsoft Visual Studio Solution File, Format Version 12.00
# Visual Studio Version 17
VisualStudioVersion = 17.2.32630.192
MinimumVisualStudioVersion = 10.0.40219.1
Project("{FAE04EC0-301F-11D3-BF4B-00C04F79EFBC}") = "Cong_agile_sm22", "Cong_agile_sm22.csproj", "{6BFE377D-03C6-419B-B964-71692FECF94A}"
EndProject
Global
	GlobalSection(SolutionConfigurationPlatforms) = preSolution
		Debug|Any CPU = Debug|Any CPU
		Release|Any CPU = Release|Any CPU
	EndGlobalSection
	GlobalSection(ProjectConfigurationPlatforms) = postSolution
		{6BFE377D-03C6-419B-B964-71692FECF94A}.Debug|Any CPU.ActiveCfg = Debug|Any CPU
		{6BFE377D-03C6-419B-B964-71692FECF94A}.Debug|Any CPU.Build.0 = Debug|Any CPU
		{6BFE377D-03C6-419B-B964-71692FECF94A}.Release|Any CPU.ActiveCfg = Release|Any CPU
		{6BFE377D-03C6-419B-B964-71692FECF94A}.Release|Any CPU.Build.0 = Release|Any CPU
	EndGlobalSection
	GlobalSection(SolutionProperties) = preSolution
		HideSolutionNode = FALSE
	EndGlobalSection
	GlobalSection(ExtensibilityGlobals) = postSolution
		SolutionGuid = {04A384AD-A20E-455D-9E00-9DDEA39F812B}
	EndGlobalSection
EndGlobal
