
Microsoft Visual Studio Solution File, Format Version 12.00
# Visual Studio Version 17
VisualStudioVersion = 17.1.32210.238
MinimumVisualStudioVersion = 10.0.40219.1
Project("{FAE04EC0-301F-11D3-BF4B-00C04F79EFBC}") = "ThaoTacVoiFile", "ThaoTacVoiFile.csproj", "{8EB7629E-FB0C-4313-AA4B-F8A9B0D4305C}"
EndProject
Global
	GlobalSection(SolutionConfigurationPlatforms) = preSolution
		Debug|Any CPU = Debug|Any CPU
		Release|Any CPU = Release|Any CPU
	EndGlobalSection
	GlobalSection(ProjectConfigurationPlatforms) = postSolution
		{8EB7629E-FB0C-4313-AA4B-F8A9B0D4305C}.Debug|Any CPU.ActiveCfg = Debug|Any CPU
		{8EB7629E-FB0C-4313-AA4B-F8A9B0D4305C}.Debug|Any CPU.Build.0 = Debug|Any CPU
		{8EB7629E-FB0C-4313-AA4B-F8A9B0D4305C}.Release|Any CPU.ActiveCfg = Release|Any CPU
		{8EB7629E-FB0C-4313-AA4B-F8A9B0D4305C}.Release|Any CPU.Build.0 = Release|Any CPU
	EndGlobalSection
	GlobalSection(SolutionProperties) = preSolution
		HideSolutionNode = FALSE
	EndGlobalSection
	GlobalSection(ExtensibilityGlobals) = postSolution
		SolutionGuid = {9DEE33A2-85AC-486C-AE78-FC405F9C3AA8}
	EndGlobalSection
EndGlobal
