
Microsoft Visual Studio Solution File, Format Version 12.00
# Visual Studio Version 17
VisualStudioVersion = 17.1.32210.238
MinimumVisualStudioVersion = 10.0.40219.1
Project("{FAE04EC0-301F-11D3-BF4B-00C04F79EFBC}") = "c2-practice", "c2-practice.csproj", "{2E03E2C5-1BF0-420B-98A0-47C1B7677E8C}"
EndProject
Global
	GlobalSection(SolutionConfigurationPlatforms) = preSolution
		Debug|Any CPU = Debug|Any CPU
		Release|Any CPU = Release|Any CPU
	EndGlobalSection
	GlobalSection(ProjectConfigurationPlatforms) = postSolution
		{2E03E2C5-1BF0-420B-98A0-47C1B7677E8C}.Debug|Any CPU.ActiveCfg = Debug|Any CPU
		{2E03E2C5-1BF0-420B-98A0-47C1B7677E8C}.Debug|Any CPU.Build.0 = Debug|Any CPU
		{2E03E2C5-1BF0-420B-98A0-47C1B7677E8C}.Release|Any CPU.ActiveCfg = Release|Any CPU
		{2E03E2C5-1BF0-420B-98A0-47C1B7677E8C}.Release|Any CPU.Build.0 = Release|Any CPU
	EndGlobalSection
	GlobalSection(SolutionProperties) = preSolution
		HideSolutionNode = FALSE
	EndGlobalSection
	GlobalSection(ExtensibilityGlobals) = postSolution
		SolutionGuid = {E1ABC9CD-44A3-4C37-9449-17950EDCDA0E}
	EndGlobalSection
EndGlobal
