
Microsoft Visual Studio Solution File, Format Version 12.00
# Visual Studio Version 17
VisualStudioVersion = 17.1.32210.238
MinimumVisualStudioVersion = 10.0.40219.1
Project("{FAE04EC0-301F-11D3-BF4B-00C04F79EFBC}") = "test-last", "test-last.csproj", "{888FFB83-E85F-41A9-AA69-8CFF17AC5B35}"
EndProject
Global
	GlobalSection(SolutionConfigurationPlatforms) = preSolution
		Debug|Any CPU = Debug|Any CPU
		Release|Any CPU = Release|Any CPU
	EndGlobalSection
	GlobalSection(ProjectConfigurationPlatforms) = postSolution
		{888FFB83-E85F-41A9-AA69-8CFF17AC5B35}.Debug|Any CPU.ActiveCfg = Debug|Any CPU
		{888FFB83-E85F-41A9-AA69-8CFF17AC5B35}.Debug|Any CPU.Build.0 = Debug|Any CPU
		{888FFB83-E85F-41A9-AA69-8CFF17AC5B35}.Release|Any CPU.ActiveCfg = Release|Any CPU
		{888FFB83-E85F-41A9-AA69-8CFF17AC5B35}.Release|Any CPU.Build.0 = Release|Any CPU
	EndGlobalSection
	GlobalSection(SolutionProperties) = preSolution
		HideSolutionNode = FALSE
	EndGlobalSection
	GlobalSection(ExtensibilityGlobals) = postSolution
		SolutionGuid = {0D514911-A27F-4B2E-9ACA-63B9211D86CD}
	EndGlobalSection
EndGlobal
